
Microsoft Visual Studio Solution File, Format Version 12.00
# Visual Studio Version 17
VisualStudioVersion = 17.13.35913.81 d17.13
MinimumVisualStudioVersion = 10.0.40219.1
Project("{54A90642-561A-4BB1-A94E-469ADEE60C69}") = "erp-system.client", "erp-system.client\erp-system.client.esproj", "{42888622-74B0-8FBD-0CA0-3AA392557C6F}"
EndProject
Project("{FAE04EC0-301F-11D3-BF4B-00C04F79EFBC}") = "ERP-System.Server", "ERP-System.Server\ERP-System.Server.csproj", "{6ED1CA8B-94B9-4B73-BE5E-0FF77552E241}"
EndProject
Global
	GlobalSection(SolutionConfigurationPlatforms) = preSolution
		Debug|Any CPU = Debug|Any CPU
		Release|Any CPU = Release|Any CPU
	EndGlobalSection
	GlobalSection(ProjectConfigurationPlatforms) = postSolution
		{42888622-74B0-8FBD-0CA0-3AA392557C6F}.Debug|Any CPU.ActiveCfg = Debug|Any CPU
		{42888622-74B0-8FBD-0CA0-3AA392557C6F}.Debug|Any CPU.Build.0 = Debug|Any CPU
		{42888622-74B0-8FBD-0CA0-3AA392557C6F}.Debug|Any CPU.Deploy.0 = Debug|Any CPU
		{42888622-74B0-8FBD-0CA0-3AA392557C6F}.Release|Any CPU.ActiveCfg = Release|Any CPU
		{42888622-74B0-8FBD-0CA0-3AA392557C6F}.Release|Any CPU.Build.0 = Release|Any CPU
		{42888622-74B0-8FBD-0CA0-3AA392557C6F}.Release|Any CPU.Deploy.0 = Release|Any CPU
		{6ED1CA8B-94B9-4B73-BE5E-0FF77552E241}.Debug|Any CPU.ActiveCfg = Debug|Any CPU
		{6ED1CA8B-94B9-4B73-BE5E-0FF77552E241}.Debug|Any CPU.Build.0 = Debug|Any CPU
		{6ED1CA8B-94B9-4B73-BE5E-0FF77552E241}.Release|Any CPU.ActiveCfg = Release|Any CPU
		{6ED1CA8B-94B9-4B73-BE5E-0FF77552E241}.Release|Any CPU.Build.0 = Release|Any CPU
	EndGlobalSection
	GlobalSection(SolutionProperties) = preSolution
		HideSolutionNode = FALSE
	EndGlobalSection
	GlobalSection(ExtensibilityGlobals) = postSolution
		SolutionGuid = {005B571A-1F41-4F33-B70F-76E820CD78F3}
	EndGlobalSection
EndGlobal
